// !$*UTF8*$!
{
	archiveVersion = 1;
	classes = {
	};
	objectVersion = 55;
	objects = {

/* Begin PBXBuildFile section */
		308A0D9B2780BCE30076D418 /* AppDelegate.swift in Sources */ = {isa = PBXBuildFile; fileRef = 308A0D9A2780BCE30076D418 /* AppDelegate.swift */; };
		308A0D9D2780BCE30076D418 /* SceneDelegate.swift in Sources */ = {isa = PBXBuildFile; fileRef = 308A0D9C2780BCE30076D418 /* SceneDelegate.swift */; };
		308A0D9F2780BCE30076D418 /* ViewController.swift in Sources */ = {isa = PBXBuildFile; fileRef = 308A0D9E2780BCE30076D418 /* ViewController.swift */; };
		308A0DA22780BCE30076D418 /* Main.storyboard in Resources */ = {isa = PBXBuildFile; fileRef = 308A0DA02780BCE30076D418 /* Main.storyboard */; };
		308A0DA42780BCE80076D418 /* Assets.xcassets in Resources */ = {isa = PBXBuildFile; fileRef = 308A0DA32780BCE80076D418 /* Assets.xcassets */; };
		308A0DA72780BCE80076D418 /* LaunchScreen.storyboard in Resources */ = {isa = PBXBuildFile; fileRef = 308A0DA52780BCE80076D418 /* LaunchScreen.storyboard */; };
		30F41B402783262E00D420B5 /* ViewControllerTagTest.swift in Sources */ = {isa = PBXBuildFile; fileRef = 30F41B3F2783262E00D420B5 /* ViewControllerTagTest.swift */; };
		30F41B4627833D3300D420B5 /* ViewControllerSegueTest.swift in Sources */ = {isa = PBXBuildFile; fileRef = 30F41B4527833D3200D420B5 /* ViewControllerSegueTest.swift */; };
		30F41B48278344C200D420B5 /* ViewControllerSegueSecond.swift in Sources */ = {isa = PBXBuildFile; fileRef = 30F41B47278344C200D420B5 /* ViewControllerSegueSecond.swift */; };
/* End PBXBuildFile section */

/* Begin PBXFileReference section */
		308A0D972780BCE30076D418 /* testProject.app */ = {isa = PBXFileReference; explicitFileType = wrapper.application; includeInIndex = 0; path = testProject.app; sourceTree = BUILT_PRODUCTS_DIR; };
		308A0D9A2780BCE30076D418 /* AppDelegate.swift */ = {isa = PBXFileReference; lastKnownFileType = sourcecode.swift; path = AppDelegate.swift; sourceTree = "<group>"; };
		308A0D9C2780BCE30076D418 /* SceneDelegate.swift */ = {isa = PBXFileReference; lastKnownFileType = sourcecode.swift; path = SceneDelegate.swift; sourceTree = "<group>"; };
		308A0D9E2780BCE30076D418 /* ViewController.swift */ = {isa = PBXFileReference; lastKnownFileType = sourcecode.swift; path = ViewController.swift; sourceTree = "<group>"; };
		308A0DA12780BCE30076D418 /* Base */ = {isa = PBXFileReference; lastKnownFileType = file.storyboard; name = Base; path = Base.lproj/Main.storyboard; sourceTree = "<group>"; };
		308A0DA32780BCE80076D418 /* Assets.xcassets */ = {isa = PBXFileReference; lastKnownFileType = folder.assetcatalog; path = Assets.xcassets; sourceTree = "<group>"; };
		308A0DA62780BCE80076D418 /* Base */ = {isa = PBXFileReference; lastKnownFileType = file.storyboard; name = Base; path = Base.lproj/LaunchScreen.storyboard; sourceTree = "<group>"; };
		308A0DA82780BCE80076D418 /* Info.plist */ = {isa = PBXFileReference; lastKnownFileType = text.plist.xml; path = Info.plist; sourceTree = "<group>"; };
		30F41B3F2783262E00D420B5 /* ViewControllerTagTest.swift */ = {isa = PBXFileReference; lastKnownFileType = sourcecode.swift; path = ViewControllerTagTest.swift; sourceTree = "<group>"; };
		30F41B4527833D3200D420B5 /* ViewControllerSegueTest.swift */ = {isa = PBXFileReference; lastKnownFileType = sourcecode.swift; path = ViewControllerSegueTest.swift; sourceTree = "<group>"; };
		30F41B47278344C200D420B5 /* ViewControllerSegueSecond.swift */ = {isa = PBXFileReference; lastKnownFileType = sourcecode.swift; path = ViewControllerSegueSecond.swift; sourceTree = "<group>"; };
/* End PBXFileReference section */

/* Begin PBXFrameworksBuildPhase section */
		308A0D942780BCE30076D418 /* Frameworks */ = {
			isa = PBXFrameworksBuildPhase;
			buildActionMask = 2147483647;
			files = (
			);
			runOnlyForDeploymentPostprocessing = 0;
		};
/* End PBXFrameworksBuildPhase section */

/* Begin PBXGroup section */
		308A0D8E2780BCE30076D418 = {
			isa = PBXGroup;
			children = (
				308A0D992780BCE30076D418 /* testProject */,
				308A0D982780BCE30076D418 /* Products */,
			);
			sourceTree = "<group>";
		};
		308A0D982780BCE30076D418 /* Products */ = {
			isa = PBXGroup;
			children = (
				308A0D972780BCE30076D418 /* testProject.app */,
			);
			name = Products;
			sourceTree = "<group>";
		};
		308A0D992780BCE30076D418 /* testProject */ = {
			isa = PBXGroup;
			children = (
				30F41B3E2783261200D420B5 /* ViewController */,
				308A0D9A2780BCE30076D418 /* AppDelegate.swift */,
				308A0D9C2780BCE30076D418 /* SceneDelegate.swift */,
				308A0DA02780BCE30076D418 /* Main.storyboard */,
				308A0DA32780BCE80076D418 /* Assets.xcassets */,
				308A0DA52780BCE80076D418 /* LaunchScreen.storyboard */,
				308A0DA82780BCE80076D418 /* Info.plist */,
			);
			path = testProject;
			sourceTree = "<group>";
		};
		30F41B3E2783261200D420B5 /* ViewController */ = {
			isa = PBXGroup;
			children = (
				308A0D9E2780BCE30076D418 /* ViewController.swift */,
				30F41B3F2783262E00D420B5 /* ViewControllerTagTest.swift */,
				30F41B4527833D3200D420B5 /* ViewControllerSegueTest.swift */,
				30F41B47278344C200D420B5 /* ViewControllerSegueSecond.swift */,
			);
			path = ViewController;
			sourceTree = "<group>";
		};
/* End PBXGroup section */

/* Begin PBXNativeTarget section */
		308A0D962780BCE30076D418 /* testProject */ = {
			isa = PBXNativeTarget;
			buildConfigurationList = 308A0DAB2780BCE80076D418 /* Build configuration list for PBXNativeTarget "testProject" */;
			buildPhases = (
				308A0D932780BCE30076D418 /* Sources */,
				308A0D942780BCE30076D418 /* Frameworks */,
				308A0D952780BCE30076D418 /* Resources */,
			);
			buildRules = (
			);
			dependencies = (
			);
			name = testProject;
			productName = testProject;
			productReference = 308A0D972780BCE30076D418 /* testProject.app */;
			productType = "com.apple.product-type.application";
		};
/* End PBXNativeTarget section */

/* Begin PBXProject section */
		308A0D8F2780BCE30076D418 /* Project object */ = {
			isa = PBXProject;
			attributes = {
				BuildIndependentTargetsInParallel = 1;
				LastSwiftUpdateCheck = 1320;
				LastUpgradeCheck = 1320;
				TargetAttributes = {
					308A0D962780BCE30076D418 = {
						CreatedOnToolsVersion = 13.2.1;
					};
				};
			};
			buildConfigurationList = 308A0D922780BCE30076D418 /* Build configuration list for PBXProject "testProject" */;
			compatibilityVersion = "Xcode 13.0";
			developmentRegion = en;
			hasScannedForEncodings = 0;
			knownRegions = (
				en,
				Base,
			);
			mainGroup = 308A0D8E2780BCE30076D418;
			productRefGroup = 308A0D982780BCE30076D418 /* Products */;
			projectDirPath = "";
			projectRoot = "";
			targets = (
				308A0D962780BCE30076D418 /* testProject */,
			);
		};
/* End PBXProject section */

/* Begin PBXResourcesBuildPhase section */
		308A0D952780BCE30076D418 /* Resources */ = {
			isa = PBXResourcesBuildPhase;
			buildActionMask = 2147483647;
			files = (
				308A0DA72780BCE80076D418 /* LaunchScreen.storyboard in Resources */,
				308A0DA42780BCE80076D418 /* Assets.xcassets in Resources */,
				308A0DA22780BCE30076D418 /* Main.storyboard in Resources */,
			);
			runOnlyForDeploymentPostprocessing = 0;
		};
/* End PBXResourcesBuildPhase section */

/* Begin PBXSourcesBuildPhase section */
		308A0D932780BCE30076D418 /* Sources */ = {
			isa = PBXSourcesBuildPhase;
			buildActionMask = 2147483647;
			files = (
				30F41B48278344C200D420B5 /* ViewControllerSegueSecond.swift in Sources */,
				308A0D9F2780BCE30076D418 /* ViewController.swift in Sources */,
				30F41B402783262E00D420B5 /* ViewControllerTagTest.swift in Sources */,
				308A0D9B2780BCE30076D418 /* AppDelegate.swift in Sources */,
				30F41B4627833D3300D420B5 /* ViewControllerSegueTest.swift in Sources */,
				308A0D9D2780BCE30076D418 /* SceneDelegate.swift in Sources */,
			);
			runOnlyForDeploymentPostprocessing = 0;
		};
/* End PBXSourcesBuildPhase section */

/* Begin PBXVariantGroup section */
		308A0DA02780BCE30076D418 /* Main.storyboard */ = {
			isa = PBXVariantGroup;
			children = (
				308A0DA12780BCE30076D418 /* Base */,
			);
			name = Main.storyboard;
			sourceTree = "<group>";
		};
		308A0DA52780BCE80076D418 /* LaunchScreen.storyboard */ = {
			isa = PBXVariantGroup;
			children = (
				308A0DA62780BCE80076D418 /* Base */,
			);
			name = LaunchScreen.storyboard;
			sourceTree = "<group>";
		};
/* End PBXVariantGroup section */

/* Begin XCBuildConfiguration section */
		308A0DA92780BCE80076D418 /* Debug */ = {
			isa = XCBuildConfiguration;
			buildSettings = {
				ALWAYS_SEARCH_USER_PATHS = NO;
				CLANG_ANALYZER_NONNULL = YES;
				CLANG_ANALYZER_NUMBER_OBJECT_CONVERSION = YES_AGGRESSIVE;
				CLANG_CXX_LANGUAGE_STANDARD = "gnu++17";
				CLANG_CXX_LIBRARY = "libc++";
				CLANG_ENABLE_MODULES = YES;
				CLANG_ENABLE_OBJC_ARC = YES;
				CLANG_ENABLE_OBJC_WEAK = YES;
				CLANG_WARN_BLOCK_CAPTURE_AUTORELEASING = YES;
				CLANG_WARN_BOOL_CONVERSION = YES;
				CLANG_WARN_COMMA = YES;
				CLANG_WARN_CONSTANT_CONVERSION = YES;
				CLANG_WARN_DEPRECATED_OBJC_IMPLEMENTATIONS = YES;
				CLANG_WARN_DIRECT_OBJC_ISA_USAGE = YES_ERROR;
				CLANG_WARN_DOCUMENTATION_COMMENTS = YES;
				CLANG_WARN_EMPTY_BODY = YES;
				CLANG_WARN_ENUM_CONVERSION = YES;
				CLANG_WARN_INFINITE_RECURSION = YES;
				CLANG_WARN_INT_CONVERSION = YES;
				CLANG_WARN_NON_LITERAL_NULL_CONVERSION = YES;
				CLANG_WARN_OBJC_IMPLICIT_RETAIN_SELF = YES;
				CLANG_WARN_OBJC_LITERAL_CONVERSION = YES;
				CLANG_WARN_OBJC_ROOT_CLASS = YES_ERROR;
				CLANG_WARN_QUOTED_INCLUDE_IN_FRAMEWORK_HEADER = YES;
				CLANG_WARN_RANGE_LOOP_ANALYSIS = YES;
				CLANG_WARN_STRICT_PROTOTYPES = YES;
				CLANG_WARN_SUSPICIOUS_MOVE = YES;
				CLANG_WARN_UNGUARDED_AVAILABILITY = YES_AGGRESSIVE;
				CLANG_WARN_UNREACHABLE_CODE = YES;
				CLANG_WARN__DUPLICATE_METHOD_MATCH = YES;
				COPY_PHASE_STRIP = NO;
				DEBUG_INFORMATION_FORMAT = dwarf;
				ENABLE_STRICT_OBJC_MSGSEND = YES;
				ENABLE_TESTABILITY = YES;
				GCC_C_LANGUAGE_STANDARD = gnu11;
				GCC_DYNAMIC_NO_PIC = NO;
				GCC_NO_COMMON_BLOCKS = YES;
				GCC_OPTIMIZATION_LEVEL = 0;
				GCC_PREPROCESSOR_DEFINITIONS = (
					"DEBUG=1",
					"$(inherited)",
				);
				GCC_WARN_64_TO_32_BIT_CONVERSION = YES;
				GCC_WARN_ABOUT_RETURN_TYPE = YES_ERROR;
				GCC_WARN_UNDECLARED_SELECTOR = YES;
				GCC_WARN_UNINITIALIZED_AUTOS = YES_AGGRESSIVE;
				GCC_WARN_UNUSED_FUNCTION = YES;
				GCC_WARN_UNUSED_VARIABLE = YES;
				IPHONEOS_DEPLOYMENT_TARGET = 15.0;
				MTL_ENABLE_DEBUG_INFO = INCLUDE_SOURCE;
				MTL_FAST_MATH = YES;
				ONLY_ACTIVE_ARCH = YES;
				SDKROOT = iphoneos;
				SWIFT_ACTIVE_COMPILATION_CONDITIONS = DEBUG;
				SWIFT_OPTIMIZATION_LEVEL = "-Onone";
			};
			name = Debug;
		};
		308A0DAA2780BCE80076D418 /* Release */ = {
			isa = XCBuildConfiguration;
			buildSettings = {
				ALWAYS_SEARCH_USER_PATHS = NO;
				CLANG_ANALYZER_NONNULL = YES;
				CLANG_ANALYZER_NUMBER_OBJECT_CONVERSION = YES_AGGRESSIVE;
				CLANG_CXX_LANGUAGE_STANDARD = "gnu++17";
				CLANG_CXX_LIBRARY = "libc++";
				CLANG_ENABLE_MODULES = YES;
				CLANG_ENABLE_OBJC_ARC = YES;
				CLANG_ENABLE_OBJC_WEAK = YES;
				CLANG_WARN_BLOCK_CAPTURE_AUTORELEASING = YES;
				CLANG_WARN_BOOL_CONVERSION = YES;
				CLANG_WARN_COMMA = YES;
				CLANG_WARN_CONSTANT_CONVERSION = YES;
				CLANG_WARN_DEPRECATED_OBJC_IMPLEMENTATIONS = YES;
				CLANG_WARN_DIRECT_OBJC_ISA_USAGE = YES_ERROR;
				CLANG_WARN_DOCUMENTATION_COMMENTS = YES;
				CLANG_WARN_EMPTY_BODY = YES;
				CLANG_WARN_ENUM_CONVERSION = YES;
				CLANG_WARN_INFINITE_RECURSION = YES;
				CLANG_WARN_INT_CONVERSION = YES;
				CLANG_WARN_NON_LITERAL_NULL_CONVERSION = YES;
				CLANG_WARN_OBJC_IMPLICIT_RETAIN_SELF = YES;
				CLANG_WARN_OBJC_LITERAL_CONVERSION = YES;
				CLANG_WARN_OBJC_ROOT_CLASS = YES_ERROR;
				CLANG_WARN_QUOTED_INCLUDE_IN_FRAMEWORK_HEADER = YES;
				CLANG_WARN_RANGE_LOOP_ANALYSIS = YES;
				CLANG_WARN_STRICT_PROTOTYPES = YES;
				CLANG_WARN_SUSPICIOUS_MOVE = YES;
				CLANG_WARN_UNGUARDED_AVAILABILITY = YES_AGGRESSIVE;
				CLANG_WARN_UNREACHABLE_CODE = YES;
				CLANG_WARN__DUPLICATE_METHOD_MATCH = YES;
				COPY_PHASE_STRIP = NO;
				DEBUG_INFORMATION_FORMAT = "dwarf-with-dsym";
				ENABLE_NS_ASSERTIONS = NO;
				ENABLE_STRICT_OBJC_MSGSEND = YES;
				GCC_C_LANGUAGE_STANDARD = gnu11;
				GCC_NO_COMMON_BLOCKS = YES;
				GCC_WARN_64_TO_32_BIT_CONVERSION = YES;
				GCC_WARN_ABOUT_RETURN_TYPE = YES_ERROR;
				GCC_WARN_UNDECLARED_SELECTOR = YES;
				GCC_WARN_UNINITIALIZED_AUTOS = YES_AGGRESSIVE;
				GCC_WARN_UNUSED_FUNCTION = YES;
				GCC_WARN_UNUSED_VARIABLE = YES;
				IPHONEOS_DEPLOYMENT_TARGET = 15.0;
				MTL_ENABLE_DEBUG_INFO = NO;
				MTL_FAST_MATH = YES;
				SDKROOT = iphoneos;
				SWIFT_COMPILATION_MODE = wholemodule;
				SWIFT_OPTIMIZATION_LEVEL = "-O";
				VALIDATE_PRODUCT = YES;
			};
			name = Release;
		};
		308A0DAC2780BCE80076D418 /* Debug */ = {
			isa = XCBuildConfiguration;
			buildSettings = {
				ASSETCATALOG_COMPILER_APPICON_NAME = AppIcon;
				ASSETCATALOG_COMPILER_GLOBAL_ACCENT_COLOR_NAME = AccentColor;
				CODE_SIGN_STYLE = Automatic;
				CURRENT_PROJECT_VERSION = 1;
				DEVELOPMENT_TEAM = H69592229C;
				GENERATE_INFOPLIST_FILE = YES;
				INFOPLIST_FILE = testProject/Info.plist;
				INFOPLIST_KEY_UIApplicationSupportsIndirectInputEvents = YES;
				INFOPLIST_KEY_UILaunchStoryboardName = LaunchScreen;
				INFOPLIST_KEY_UIMainStoryboardFile = Main;
				INFOPLIST_KEY_UISupportedInterfaceOrientations_iPad = "UIInterfaceOrientationPortrait UIInterfaceOrientationPortraitUpsideDown UIInterfaceOrientationLandscapeLeft UIInterfaceOrientationLandscapeRight";
				INFOPLIST_KEY_UISupportedInterfaceOrientations_iPhone = "UIInterfaceOrientationPortrait UIInterfaceOrientationLandscapeLeft UIInterfaceOrientationLandscapeRight";
				LD_RUNPATH_SEARCH_PATHS = (
					"$(inherited)",
					"@executable_path/Frameworks",
				);
				MARKETING_VERSION = 1.0;
				PRODUCT_BUNDLE_IDENTIFIER = jaywinter.testProject;
				PRODUCT_NAME = "$(TARGET_NAME)";
				SWIFT_EMIT_LOC_STRINGS = YES;
				SWIFT_VERSION = 5.0;
				TARGETED_DEVICE_FAMILY = "1,2";
			};
			name = Debug;
		};
		308A0DAD2780BCE80076D418 /* Release */ = {
			isa = XCBuildConfiguration;
			buildSettings = {
				ASSETCATALOG_COMPILER_APPICON_NAME = AppIcon;
				ASSETCATALOG_COMPILER_GLOBAL_ACCENT_COLOR_NAME = AccentColor;
				CODE_SIGN_STYLE = Automatic;
				CURRENT_PROJECT_VERSION = 1;
				DEVELOPMENT_TEAM = H69592229C;
				GENERATE_INFOPLIST_FILE = YES;
				INFOPLIST_FILE = testProject/Info.plist;
				INFOPLIST_KEY_UIApplicationSupportsIndirectInputEvents = YES;
				INFOPLIST_KEY_UILaunchStoryboardName = LaunchScreen;
				INFOPLIST_KEY_UIMainStoryboardFile = Main;
				INFOPLIST_KEY_UISupportedInterfaceOrientations_iPad = "UIInterfaceOrientationPortrait UIInterfaceOrientationPortraitUpsideDown UIInterfaceOrientationLandscapeLeft UIInterfaceOrientationLandscapeRight";
				INFOPLIST_KEY_UISupportedInterfaceOrientations_iPhone = "UIInterfaceOrientationPortrait UIInterfaceOrientationLandscapeLeft UIInterfaceOrientationLandscapeRight";
				LD_RUNPATH_SEARCH_PATHS = (
					"$(inherited)",
					"@executable_path/Frameworks",
				);
				MARKETING_VERSION = 1.0;
				PRODUCT_BUNDLE_IDENTIFIER = jaywinter.testProject;
				PRODUCT_NAME = "$(TARGET_NAME)";
				SWIFT_EMIT_LOC_STRINGS = YES;
				SWIFT_VERSION = 5.0;
				TARGETED_DEVICE_FAMILY = "1,2";
			};
			name = Release;
		};
/* End XCBuildConfiguration section */

/* Begin XCConfigurationList section */
		308A0D922780BCE30076D418 /* Build configuration list for PBXProject "testProject" */ = {
			isa = XCConfigurationList;
			buildConfigurations = (
				308A0DA92780BCE80076D418 /* Debug */,
				308A0DAA2780BCE80076D418 /* Release */,
			);
			defaultConfigurationIsVisible = 0;
			defaultConfigurationName = Release;
		};
		308A0DAB2780BCE80076D418 /* Build configuration list for PBXNativeTarget "testProject" */ = {
			isa = XCConfigurationList;
			buildConfigurations = (
				308A0DAC2780BCE80076D418 /* Debug */,
				308A0DAD2780BCE80076D418 /* Release */,
			);
			defaultConfigurationIsVisible = 0;
			defaultConfigurationName = Release;
		};
/* End XCConfigurationList section */
	};
	rootObject = 308A0D8F2780BCE30076D418 /* Project object */;
}
